
Microsoft Visual Studio Solution File, Format Version 12.00
# Visual Studio Version 16
VisualStudioVersion = 16.0.30225.117
MinimumVisualStudioVersion = 10.0.40219.1
Project("{FAE04EC0-301F-11D3-BF4B-00C04F79EFBC}") = "ISOStd", "ISOStd\ISOStd.csproj", "{30D4A808-7872-49E6-8B3D-277D057F7E5E}"
EndProject
Project("{FAE04EC0-301F-11D3-BF4B-00C04F79EFBC}") = "DataAccess", "DataAccess\DataAccess.csproj", "{686342F7-DF62-44B5-A398-24F2CE5576A3}"
EndProject
Global
	GlobalSection(SolutionConfigurationPlatforms) = preSolution
		Debug|Any CPU = Debug|Any CPU
		Release|Any CPU = Release|Any CPU
		ReleaseNew|Any CPU = ReleaseNew|Any CPU
	EndGlobalSection
	GlobalSection(ProjectConfigurationPlatforms) = postSolution
		{30D4A808-7872-49E6-8B3D-277D057F7E5E}.Debug|Any CPU.ActiveCfg = Debug|Any CPU
		{30D4A808-7872-49E6-8B3D-277D057F7E5E}.Debug|Any CPU.Build.0 = Debug|Any CPU
		{30D4A808-7872-49E6-8B3D-277D057F7E5E}.Release|Any CPU.ActiveCfg = Debug|Any CPU
		{30D4A808-7872-49E6-8B3D-277D057F7E5E}.Release|Any CPU.Build.0 = Debug|Any CPU
		{30D4A808-7872-49E6-8B3D-277D057F7E5E}.ReleaseNew|Any CPU.ActiveCfg = ReleaseNew|Any CPU
		{30D4A808-7872-49E6-8B3D-277D057F7E5E}.ReleaseNew|Any CPU.Build.0 = ReleaseNew|Any CPU
		{686342F7-DF62-44B5-A398-24F2CE5576A3}.Debug|Any CPU.ActiveCfg = Debug|Any CPU
		{686342F7-DF62-44B5-A398-24F2CE5576A3}.Debug|Any CPU.Build.0 = Debug|Any CPU
		{686342F7-DF62-44B5-A398-24F2CE5576A3}.Release|Any CPU.ActiveCfg = Release|Any CPU
		{686342F7-DF62-44B5-A398-24F2CE5576A3}.Release|Any CPU.Build.0 = Release|Any CPU
		{686342F7-DF62-44B5-A398-24F2CE5576A3}.ReleaseNew|Any CPU.ActiveCfg = Release|Any CPU
		{686342F7-DF62-44B5-A398-24F2CE5576A3}.ReleaseNew|Any CPU.Build.0 = Release|Any CPU
	EndGlobalSection
	GlobalSection(SolutionProperties) = preSolution
		HideSolutionNode = FALSE
	EndGlobalSection
	GlobalSection(ExtensibilityGlobals) = postSolution
		SolutionGuid = {ADD5BFCA-2A15-4888-BF8F-56BF6713A6C1}
	EndGlobalSection
EndGlobal
